
Microsoft Visual Studio Solution File, Format Version 12.00
# Visual Studio Version 17
VisualStudioVersion = 17.10.34928.147
MinimumVisualStudioVersion = 10.0.40219.1
Project("{FAE04EC0-301F-11D3-BF4B-00C04F79EFBC}") = "Deadlock", "Deadlock\Deadlock.csproj", "{BE361ADC-67D2-46C4-98C6-B3AD2979D078}"
EndProject
Global
	GlobalSection(SolutionConfigurationPlatforms) = preSolution
		Debug|Any CPU = Debug|Any CPU
		Release|Any CPU = Release|Any CPU
	EndGlobalSection
	GlobalSection(ProjectConfigurationPlatforms) = postSolution
		{BE361ADC-67D2-46C4-98C6-B3AD2979D078}.Debug|Any CPU.ActiveCfg = Debug|Any CPU
		{BE361ADC-67D2-46C4-98C6-B3AD2979D078}.Debug|Any CPU.Build.0 = Debug|Any CPU
		{BE361ADC-67D2-46C4-98C6-B3AD2979D078}.Release|Any CPU.ActiveCfg = Release|Any CPU
		{BE361ADC-67D2-46C4-98C6-B3AD2979D078}.Release|Any CPU.Build.0 = Release|Any CPU
	EndGlobalSection
	GlobalSection(SolutionProperties) = preSolution
		HideSolutionNode = FALSE
	EndGlobalSection
	GlobalSection(ExtensibilityGlobals) = postSolution
		SolutionGuid = {8D3214FF-AC93-4181-92FD-7740BE64C31F}
	EndGlobalSection
EndGlobal
